// !$*UTF8*$!
{
	archiveVersion = 1;
	classes = {
	};
	objectVersion = 46;
	objects = {

/* Begin PBXBuildFile section */
		1D60589F0D05DD5A006BFB54 /* Foundation.framework in Frameworks */ = {isa = PBXBuildFile; fileRef = 1D30AB110D05D00D00671497 /* Foundation.framework */; };
		1DF5F4E00D08C38300B7A737 /* UIKit.framework in Frameworks */ = {isa = PBXBuildFile; fileRef = 1DF5F4DF0D08C38300B7A737 /* UIKit.framework */; };
		288765FD0DF74451002DB57D /* CoreGraphics.framework in Frameworks */ = {isa = PBXBuildFile; fileRef = 288765FC0DF74451002DB57D /* CoreGraphics.framework */; };
		5326AEA810A23A0500278DE6 /* CoreLocation.framework in Frameworks */ = {isa = PBXBuildFile; fileRef = 5326AEA710A23A0500278DE6 /* CoreLocation.framework */; };
		53F323EB10A20EDB00E0DAE4 /* OpenAL.framework in Frameworks */ = {isa = PBXBuildFile; fileRef = 53F323EA10A20EDB00E0DAE4 /* OpenAL.framework */; };
		5A4349E9754D6FA14C0F2A3A /* tinyxmlparser.cpp in Sources */ = {isa = PBXBuildFile; fileRef = FC5DA1C87211D4F6377DA719 /* tinyxmlparser.cpp */; };
		63B57AC5BF4EF088491E0317 /* ofxXmlSettings.cpp in Sources */ = {isa = PBXBuildFile; fileRef = 50DF87D612C5AAE17AAFA6C0 /* ofxXmlSettings.cpp */; };
		678E130817951530005B6D19 /* Icon@2x.png in Resources */ = {isa = PBXBuildFile; fileRef = 678E130717951530005B6D19 /* Icon@2x.png */; };
		678E130A17951536005B6D19 /* Icon.png in Resources */ = {isa = PBXBuildFile; fileRef = 678E130917951536005B6D19 /* Icon.png */; };
		678E130C1795153C005B6D19 /* Default.png in Resources */ = {isa = PBXBuildFile; fileRef = 678E130B1795153C005B6D19 /* Default.png */; };
		678E130E17951540005B6D19 /* Default@2x.png in Resources */ = {isa = PBXBuildFile; fileRef = 678E130D17951540005B6D19 /* Default@2x.png */; };
		678E131017951549005B6D19 /* Default-568h@2x~iphone.png in Resources */ = {isa = PBXBuildFile; fileRef = 678E130F17951549005B6D19 /* Default-568h@2x~iphone.png */; };
		67DFA53619F92A69003B3434 /* Accelerate.framework in Frameworks */ = {isa = PBXBuildFile; fileRef = 67DFA53419F92A5E003B3434 /* Accelerate.framework */; };
		933A2227713C720CEFF80FD9 /* tinyxml.cpp in Sources */ = {isa = PBXBuildFile; fileRef = 2B40EDA85BEB63E46785BC29 /* tinyxml.cpp */; };
		9D44DC88EF9E7991B4A09951 /* tinyxmlerror.cpp in Sources */ = {isa = PBXBuildFile; fileRef = 832BDC407620CDBA568B713D /* tinyxmlerror.cpp */; };
		9E4977601B4108D200BA0B21 /* ofxUI2DGraph.cpp in Sources */ = {isa = PBXBuildFile; fileRef = 9E4975B91B4108D200BA0B21 /* ofxUI2DGraph.cpp */; };
		9E4977611B4108D200BA0B21 /* ofxUI2DPad.cpp in Sources */ = {isa = PBXBuildFile; fileRef = 9E4975BB1B4108D200BA0B21 /* ofxUI2DPad.cpp */; };
		9E4977621B4108D200BA0B21 /* ofxUIBaseDraws.cpp in Sources */ = {isa = PBXBuildFile; fileRef = 9E4975BD1B4108D200BA0B21 /* ofxUIBaseDraws.cpp */; };
		9E4977631B4108D200BA0B21 /* ofxUIBiLabelSlider.cpp in Sources */ = {isa = PBXBuildFile; fileRef = 9E4975BF1B4108D200BA0B21 /* ofxUIBiLabelSlider.cpp */; };
		9E4977641B4108D200BA0B21 /* ofxUIButton.cpp in Sources */ = {isa = PBXBuildFile; fileRef = 9E4975C11B4108D200BA0B21 /* ofxUIButton.cpp */; };
		9E4977651B4108D200BA0B21 /* ofxUICanvas.cpp in Sources */ = {isa = PBXBuildFile; fileRef = 9E4975C31B4108D200BA0B21 /* ofxUICanvas.cpp */; };
		9E4977661B4108D200BA0B21 /* ofxUICircleSlider.cpp in Sources */ = {isa = PBXBuildFile; fileRef = 9E4975C51B4108D200BA0B21 /* ofxUICircleSlider.cpp */; };
		9E4977671B4108D200BA0B21 /* ofxUIDragableLabelButton.cpp in Sources */ = {isa = PBXBuildFile; fileRef = 9E4975C81B4108D200BA0B21 /* ofxUIDragableLabelButton.cpp */; };
		9E4977681B4108D200BA0B21 /* ofxUIDropDownList.cpp in Sources */ = {isa = PBXBuildFile; fileRef = 9E4975CA1B4108D200BA0B21 /* ofxUIDropDownList.cpp */; };
		9E4977691B4108D200BA0B21 /* ofxUIEventArgs.cpp in Sources */ = {isa = PBXBuildFile; fileRef = 9E4975CC1B4108D200BA0B21 /* ofxUIEventArgs.cpp */; };
		9E49776A1B4108D200BA0B21 /* ofxUIFPS.cpp in Sources */ = {isa = PBXBuildFile; fileRef = 9E4975CE1B4108D200BA0B21 /* ofxUIFPS.cpp */; };
		9E49776B1B4108D200BA0B21 /* ofxUIFPSSlider.cpp in Sources */ = {isa = PBXBuildFile; fileRef = 9E4975D01B4108D200BA0B21 /* ofxUIFPSSlider.cpp */; };
		9E49776C1B4108D200BA0B21 /* ofxUIImage.cpp in Sources */ = {isa = PBXBuildFile; fileRef = 9E4975D21B4108D200BA0B21 /* ofxUIImage.cpp */; };
		9E49776D1B4108D200BA0B21 /* ofxUIImageButton.cpp in Sources */ = {isa = PBXBuildFile; fileRef = 9E4975D41B4108D200BA0B21 /* ofxUIImageButton.cpp */; };
		9E49776E1B4108D200BA0B21 /* ofxUIImageSampler.cpp in Sources */ = {isa = PBXBuildFile; fileRef = 9E4975D61B4108D200BA0B21 /* ofxUIImageSampler.cpp */; };
		9E49776F1B4108D200BA0B21 /* ofxUIImageSlider.cpp in Sources */ = {isa = PBXBuildFile; fileRef = 9E4975D81B4108D200BA0B21 /* ofxUIImageSlider.cpp */; };
		9E4977701B4108D200BA0B21 /* ofxUIImageToggle.cpp in Sources */ = {isa = PBXBuildFile; fileRef = 9E4975DA1B4108D200BA0B21 /* ofxUIImageToggle.cpp */; };
		9E4977711B4108D200BA0B21 /* ofxUILabel.cpp in Sources */ = {isa = PBXBuildFile; fileRef = 9E4975DC1B4108D200BA0B21 /* ofxUILabel.cpp */; };
		9E4977721B4108D200BA0B21 /* ofxUILabelButton.cpp in Sources */ = {isa = PBXBuildFile; fileRef = 9E4975DE1B4108D200BA0B21 /* ofxUILabelButton.cpp */; };
		9E4977731B4108D200BA0B21 /* ofxUILabelToggle.cpp in Sources */ = {isa = PBXBuildFile; fileRef = 9E4975E01B4108D200BA0B21 /* ofxUILabelToggle.cpp */; };
		9E4977741B4108D200BA0B21 /* ofxUIMinimalSlider.cpp in Sources */ = {isa = PBXBuildFile; fileRef = 9E4975E21B4108D200BA0B21 /* ofxUIMinimalSlider.cpp */; };
		9E4977751B4108D200BA0B21 /* ofxUIMovingGraph.cpp in Sources */ = {isa = PBXBuildFile; fileRef = 9E4975E41B4108D200BA0B21 /* ofxUIMovingGraph.cpp */; };
		9E4977761B4108D200BA0B21 /* ofxUIMultiImageButton.cpp in Sources */ = {isa = PBXBuildFile; fileRef = 9E4975E61B4108D200BA0B21 /* ofxUIMultiImageButton.cpp */; };
		9E4977771B4108D200BA0B21 /* ofxUIMultiImageToggle.cpp in Sources */ = {isa = PBXBuildFile; fileRef = 9E4975E81B4108D200BA0B21 /* ofxUIMultiImageToggle.cpp */; };
		9E4977781B4108D200BA0B21 /* ofxUINumberDialer.cpp in Sources */ = {isa = PBXBuildFile; fileRef = 9E4975EA1B4108D200BA0B21 /* ofxUINumberDialer.cpp */; };
		9E4977791B4108D200BA0B21 /* ofxUIRadio.cpp in Sources */ = {isa = PBXBuildFile; fileRef = 9E4975ED1B4108D200BA0B21 /* ofxUIRadio.cpp */; };
		9E49777A1B4108D200BA0B21 /* ofxUIRangeSlider.cpp in Sources */ = {isa = PBXBuildFile; fileRef = 9E4975EF1B4108D200BA0B21 /* ofxUIRangeSlider.cpp */; };
		9E49777B1B4108D200BA0B21 /* ofxUIRectangle.cpp in Sources */ = {isa = PBXBuildFile; fileRef = 9E4975F11B4108D200BA0B21 /* ofxUIRectangle.cpp */; };
		9E49777C1B4108D200BA0B21 /* ofxUIRotarySlider.cpp in Sources */ = {isa = PBXBuildFile; fileRef = 9E4975F31B4108D200BA0B21 /* ofxUIRotarySlider.cpp */; };
		9E49777D1B4108D200BA0B21 /* ofxUIScrollableCanvas.cpp in Sources */ = {isa = PBXBuildFile; fileRef = 9E4975F51B4108D200BA0B21 /* ofxUIScrollableCanvas.cpp */; };
		9E49777E1B4108D200BA0B21 /* ofxUISlider.cpp in Sources */ = {isa = PBXBuildFile; fileRef = 9E4975F71B4108D200BA0B21 /* ofxUISlider.cpp */; };
		9E49777F1B4108D200BA0B21 /* ofxUISortableList.cpp in Sources */ = {isa = PBXBuildFile; fileRef = 9E4975F91B4108D200BA0B21 /* ofxUISortableList.cpp */; };
		9E4977801B4108D200BA0B21 /* ofxUISpacer.cpp in Sources */ = {isa = PBXBuildFile; fileRef = 9E4975FB1B4108D200BA0B21 /* ofxUISpacer.cpp */; };
		9E4977811B4108D200BA0B21 /* ofxUISpectrum.cpp in Sources */ = {isa = PBXBuildFile; fileRef = 9E4975FD1B4108D200BA0B21 /* ofxUISpectrum.cpp */; };
		9E4977821B4108D200BA0B21 /* ofxUISuperCanvas.cpp in Sources */ = {isa = PBXBuildFile; fileRef = 9E4975FF1B4108D200BA0B21 /* ofxUISuperCanvas.cpp */; };
		9E4977831B4108D200BA0B21 /* ofxUITabBar.cpp in Sources */ = {isa = PBXBuildFile; fileRef = 9E4976011B4108D200BA0B21 /* ofxUITabBar.cpp */; };
		9E4977841B4108D200BA0B21 /* ofxUITextArea.cpp in Sources */ = {isa = PBXBuildFile; fileRef = 9E4976031B4108D200BA0B21 /* ofxUITextArea.cpp */; };
		9E4977851B4108D200BA0B21 /* ofxUITextInput.cpp in Sources */ = {isa = PBXBuildFile; fileRef = 9E4976051B4108D200BA0B21 /* ofxUITextInput.cpp */; };
		9E4977861B4108D200BA0B21 /* ofxUIToggle.cpp in Sources */ = {isa = PBXBuildFile; fileRef = 9E4976071B4108D200BA0B21 /* ofxUIToggle.cpp */; };
		9E4977871B4108D200BA0B21 /* ofxUIToggleMatrix.cpp in Sources */ = {isa = PBXBuildFile; fileRef = 9E4976091B4108D200BA0B21 /* ofxUIToggleMatrix.cpp */; };
		9E4977881B4108D200BA0B21 /* ofxUIValuePlotter.cpp in Sources */ = {isa = PBXBuildFile; fileRef = 9E49760C1B4108D200BA0B21 /* ofxUIValuePlotter.cpp */; };
		9E4977891B4108D200BA0B21 /* ofxUIWaveform.cpp in Sources */ = {isa = PBXBuildFile; fileRef = 9E49760E1B4108D200BA0B21 /* ofxUIWaveform.cpp */; };
		9E49778A1B4108D200BA0B21 /* ofxUIWidget.cpp in Sources */ = {isa = PBXBuildFile; fileRef = 9E4976101B4108D200BA0B21 /* ofxUIWidget.cpp */; };
		9E49778B1B4108D200BA0B21 /* ofxUIWidgetWithLabel.cpp in Sources */ = {isa = PBXBuildFile; fileRef = 9E4976131B4108D200BA0B21 /* ofxUIWidgetWithLabel.cpp */; };
		BB16EBD20F2B2A9500518274 /* OpenGLES.framework in Frameworks */ = {isa = PBXBuildFile; fileRef = BB16EBD10F2B2A9500518274 /* OpenGLES.framework */; };
		BB16EBD90F2B2AB500518274 /* QuartzCore.framework in Frameworks */ = {isa = PBXBuildFile; fileRef = BB16EBD80F2B2AB500518274 /* QuartzCore.framework */; };
		BBE5EAB80F49AD8400F28951 /* AudioToolbox.framework in Frameworks */ = {isa = PBXBuildFile; fileRef = BBE5EAB70F49AD8400F28951 /* AudioToolbox.framework */; };
		E41D400B13B39D2100A75A5D /* AVFoundation.framework in Frameworks */ = {isa = PBXBuildFile; fileRef = E41D400613B39D2100A75A5D /* AVFoundation.framework */; };
		E41D400C13B39D2100A75A5D /* CoreMedia.framework in Frameworks */ = {isa = PBXBuildFile; fileRef = E41D400713B39D2100A75A5D /* CoreMedia.framework */; };
		E41D400D13B39D2100A75A5D /* CoreVideo.framework in Frameworks */ = {isa = PBXBuildFile; fileRef = E41D400813B39D2100A75A5D /* CoreVideo.framework */; };
		E41D400E13B39D2100A75A5D /* MapKit.framework in Frameworks */ = {isa = PBXBuildFile; fileRef = E41D400913B39D2100A75A5D /* MapKit.framework */; };
		E41D421413B3A95300A75A5D /* libofxiOS_iphoneos_Debug.a in Frameworks */ = {isa = PBXBuildFile; fileRef = E41D410213B3A0D800A75A5D /* libofxiOS_iphoneos_Debug.a */; };
		E4D8936E11527B74007E1F53 /* main.mm in Sources */ = {isa = PBXBuildFile; fileRef = E4D8936B11527B74007E1F53 /* main.mm */; };
		E4D8936F11527B74007E1F53 /* ofApp.mm in Sources */ = {isa = PBXBuildFile; fileRef = E4D8936D11527B74007E1F53 /* ofApp.mm */; };
/* End PBXBuildFile section */

/* Begin PBXContainerItemProxy section */
		E41D410113B3A0D800A75A5D /* PBXContainerItemProxy */ = {
			isa = PBXContainerItemProxy;
			containerPortal = E41D40FD13B3A0D800A75A5D /* iOS+OFLib.xcodeproj */;
			proxyType = 2;
			remoteGlobalIDString = BB24DED610DA7A3F00E9C588;
			remoteInfo = "iPhone+OF Static Library";
		};
		E41D410313B3A11300A75A5D /* PBXContainerItemProxy */ = {
			isa = PBXContainerItemProxy;
			containerPortal = E41D40FD13B3A0D800A75A5D /* iOS+OFLib.xcodeproj */;
			proxyType = 1;
			remoteGlobalIDString = BB24DE5C10DA7A3F00E9C588;
			remoteInfo = "iPhone+OF Static Library";
		};
/* End PBXContainerItemProxy section */

/* Begin PBXFileReference section */
		01DCC0911400F9ACF5B65578 /* ofxXmlSettings.h */ = {isa = PBXFileReference; explicitFileType = sourcecode.c.h; fileEncoding = 30; name = ofxXmlSettings.h; path = ../../../addons/ofxXmlSettings/src/ofxXmlSettings.h; sourceTree = SOURCE_ROOT; };
		1D30AB110D05D00D00671497 /* Foundation.framework */ = {isa = PBXFileReference; lastKnownFileType = wrapper.framework; name = Foundation.framework; path = System/Library/Frameworks/Foundation.framework; sourceTree = SDKROOT; };
		1D6058910D05DD3D006BFB54 /* example-ios.app */ = {isa = PBXFileReference; explicitFileType = wrapper.application; includeInIndex = 0; path = "example-ios.app"; sourceTree = BUILT_PRODUCTS_DIR; };
		1DF5F4DF0D08C38300B7A737 /* UIKit.framework */ = {isa = PBXFileReference; lastKnownFileType = wrapper.framework; name = UIKit.framework; path = System/Library/Frameworks/UIKit.framework; sourceTree = SDKROOT; };
		288765FC0DF74451002DB57D /* CoreGraphics.framework */ = {isa = PBXFileReference; lastKnownFileType = wrapper.framework; name = CoreGraphics.framework; path = System/Library/Frameworks/CoreGraphics.framework; sourceTree = SDKROOT; };
		2B40EDA85BEB63E46785BC29 /* tinyxml.cpp */ = {isa = PBXFileReference; explicitFileType = sourcecode.cpp.cpp; fileEncoding = 30; name = tinyxml.cpp; path = ../../../addons/ofxXmlSettings/libs/tinyxml.cpp; sourceTree = SOURCE_ROOT; };
		32CA4F630368D1EE00C91783 /* ofxiOS_Prefix.pch */ = {isa = PBXFileReference; fileEncoding = 4; lastKnownFileType = sourcecode.c.h; path = ofxiOS_Prefix.pch; sourceTree = "<group>"; };
		50DF87D612C5AAE17AAFA6C0 /* ofxXmlSettings.cpp */ = {isa = PBXFileReference; explicitFileType = sourcecode.cpp.cpp; fileEncoding = 30; name = ofxXmlSettings.cpp; path = ../../../addons/ofxXmlSettings/src/ofxXmlSettings.cpp; sourceTree = SOURCE_ROOT; };
		5326AEA710A23A0500278DE6 /* CoreLocation.framework */ = {isa = PBXFileReference; lastKnownFileType = wrapper.framework; name = CoreLocation.framework; path = System/Library/Frameworks/CoreLocation.framework; sourceTree = SDKROOT; };
		53F323EA10A20EDB00E0DAE4 /* OpenAL.framework */ = {isa = PBXFileReference; lastKnownFileType = wrapper.framework; name = OpenAL.framework; path = System/Library/Frameworks/OpenAL.framework; sourceTree = SDKROOT; };
		678E130717951530005B6D19 /* Icon@2x.png */ = {isa = PBXFileReference; lastKnownFileType = image.png; name = "Icon@2x.png"; path = "bin/data/Icon@2x.png"; sourceTree = "<group>"; };
		678E130917951536005B6D19 /* Icon.png */ = {isa = PBXFileReference; lastKnownFileType = image.png; name = Icon.png; path = bin/data/Icon.png; sourceTree = "<group>"; };
		678E130B1795153C005B6D19 /* Default.png */ = {isa = PBXFileReference; lastKnownFileType = image.png; name = Default.png; path = bin/data/Default.png; sourceTree = "<group>"; };
		678E130D17951540005B6D19 /* Default@2x.png */ = {isa = PBXFileReference; lastKnownFileType = image.png; name = "Default@2x.png"; path = "bin/data/Default@2x.png"; sourceTree = "<group>"; };
		678E130F17951549005B6D19 /* Default-568h@2x~iphone.png */ = {isa = PBXFileReference; lastKnownFileType = image.png; name = "Default-568h@2x~iphone.png"; path = "bin/data/Default-568h@2x~iphone.png"; sourceTree = "<group>"; };
		67DFA53419F92A5E003B3434 /* Accelerate.framework */ = {isa = PBXFileReference; lastKnownFileType = wrapper.framework; name = Accelerate.framework; path = System/Library/Frameworks/Accelerate.framework; sourceTree = SDKROOT; };
		832BDC407620CDBA568B713D /* tinyxmlerror.cpp */ = {isa = PBXFileReference; explicitFileType = sourcecode.cpp.cpp; fileEncoding = 30; name = tinyxmlerror.cpp; path = ../../../addons/ofxXmlSettings/libs/tinyxmlerror.cpp; sourceTree = SOURCE_ROOT; };
		9E4975B81B4108D200BA0B21 /* ofxUI.h */ = {isa = PBXFileReference; fileEncoding = 4; lastKnownFileType = sourcecode.c.h; path = ofxUI.h; sourceTree = "<group>"; };
		9E4975B91B4108D200BA0B21 /* ofxUI2DGraph.cpp */ = {isa = PBXFileReference; fileEncoding = 4; lastKnownFileType = sourcecode.cpp.cpp; path = ofxUI2DGraph.cpp; sourceTree = "<group>"; };
		9E4975BA1B4108D200BA0B21 /* ofxUI2DGraph.h */ = {isa = PBXFileReference; fileEncoding = 4; lastKnownFileType = sourcecode.c.h; path = ofxUI2DGraph.h; sourceTree = "<group>"; };
		9E4975BB1B4108D200BA0B21 /* ofxUI2DPad.cpp */ = {isa = PBXFileReference; fileEncoding = 4; lastKnownFileType = sourcecode.cpp.cpp; path = ofxUI2DPad.cpp; sourceTree = "<group>"; };
		9E4975BC1B4108D200BA0B21 /* ofxUI2DPad.h */ = {isa = PBXFileReference; fileEncoding = 4; lastKnownFileType = sourcecode.c.h; path = ofxUI2DPad.h; sourceTree = "<group>"; };
		9E4975BD1B4108D200BA0B21 /* ofxUIBaseDraws.cpp */ = {isa = PBXFileReference; fileEncoding = 4; lastKnownFileType = sourcecode.cpp.cpp; path = ofxUIBaseDraws.cpp; sourceTree = "<group>"; };
		9E4975BE1B4108D200BA0B21 /* ofxUIBaseDraws.h */ = {isa = PBXFileReference; fileEncoding = 4; lastKnownFileType = sourcecode.c.h; path = ofxUIBaseDraws.h; sourceTree = "<group>"; };
		9E4975BF1B4108D200BA0B21 /* ofxUIBiLabelSlider.cpp */ = {isa = PBXFileReference; fileEncoding = 4; lastKnownFileType = sourcecode.cpp.cpp; path = ofxUIBiLabelSlider.cpp; sourceTree = "<group>"; };
		9E4975C01B4108D200BA0B21 /* ofxUIBiLabelSlider.h */ = {isa = PBXFileReference; fileEncoding = 4; lastKnownFileType = sourcecode.c.h; path = ofxUIBiLabelSlider.h; sourceTree = "<group>"; };
		9E4975C11B4108D200BA0B21 /* ofxUIButton.cpp */ = {isa = PBXFileReference; fileEncoding = 4; lastKnownFileType = sourcecode.cpp.cpp; path = ofxUIButton.cpp; sourceTree = "<group>"; };
		9E4975C21B4108D200BA0B21 /* ofxUIButton.h */ = {isa = PBXFileReference; fileEncoding = 4; lastKnownFileType = sourcecode.c.h; path = ofxUIButton.h; sourceTree = "<group>"; };
		9E4975C31B4108D200BA0B21 /* ofxUICanvas.cpp */ = {isa = PBXFileReference; fileEncoding = 4; lastKnownFileType = sourcecode.cpp.cpp; path = ofxUICanvas.cpp; sourceTree = "<group>"; };
		9E4975C41B4108D200BA0B21 /* ofxUICanvas.h */ = {isa = PBXFileReference; fileEncoding = 4; lastKnownFileType = sourcecode.c.h; path = ofxUICanvas.h; sourceTree = "<group>"; };
		9E4975C51B4108D200BA0B21 /* ofxUICircleSlider.cpp */ = {isa = PBXFileReference; fileEncoding = 4; lastKnownFileType = sourcecode.cpp.cpp; path = ofxUICircleSlider.cpp; sourceTree = "<group>"; };
		9E4975C61B4108D200BA0B21 /* ofxUICircleSlider.h */ = {isa = PBXFileReference; fileEncoding = 4; lastKnownFileType = sourcecode.c.h; path = ofxUICircleSlider.h; sourceTree = "<group>"; };
		9E4975C71B4108D200BA0B21 /* ofxUIDefines.h */ = {isa = PBXFileReference; fileEncoding = 4; lastKnownFileType = sourcecode.c.h; path = ofxUIDefines.h; sourceTree = "<group>"; };
		9E4975C81B4108D200BA0B21 /* ofxUIDragableLabelButton.cpp */ = {isa = PBXFileReference; fileEncoding = 4; lastKnownFileType = sourcecode.cpp.cpp; path = ofxUIDragableLabelButton.cpp; sourceTree = "<group>"; };
		9E4975C91B4108D200BA0B21 /* ofxUIDragableLabelButton.h */ = {isa = PBXFileReference; fileEncoding = 4; lastKnownFileType = sourcecode.c.h; path = ofxUIDragableLabelButton.h; sourceTree = "<group>"; };
		9E4975CA1B4108D200BA0B21 /* ofxUIDropDownList.cpp */ = {isa = PBXFileReference; fileEncoding = 4; lastKnownFileType = sourcecode.cpp.cpp; path = ofxUIDropDownList.cpp; sourceTree = "<group>"; };
		9E4975CB1B4108D200BA0B21 /* ofxUIDropDownList.h */ = {isa = PBXFileReference; fileEncoding = 4; lastKnownFileType = sourcecode.c.h; path = ofxUIDropDownList.h; sourceTree = "<group>"; };
		9E4975CC1B4108D200BA0B21 /* ofxUIEventArgs.cpp */ = {isa = PBXFileReference; fileEncoding = 4; lastKnownFileType = sourcecode.cpp.cpp; path = ofxUIEventArgs.cpp; sourceTree = "<group>"; };
		9E4975CD1B4108D200BA0B21 /* ofxUIEventArgs.h */ = {isa = PBXFileReference; fileEncoding = 4; lastKnownFileType = sourcecode.c.h; path = ofxUIEventArgs.h; sourceTree = "<group>"; };
		9E4975CE1B4108D200BA0B21 /* ofxUIFPS.cpp */ = {isa = PBXFileReference; fileEncoding = 4; lastKnownFileType = sourcecode.cpp.cpp; path = ofxUIFPS.cpp; sourceTree = "<group>"; };
		9E4975CF1B4108D200BA0B21 /* ofxUIFPS.h */ = {isa = PBXFileReference; fileEncoding = 4; lastKnownFileType = sourcecode.c.h; path = ofxUIFPS.h; sourceTree = "<group>"; };
		9E4975D01B4108D200BA0B21 /* ofxUIFPSSlider.cpp */ = {isa = PBXFileReference; fileEncoding = 4; lastKnownFileType = sourcecode.cpp.cpp; path = ofxUIFPSSlider.cpp; sourceTree = "<group>"; };
		9E4975D11B4108D200BA0B21 /* ofxUIFPSSlider.h */ = {isa = PBXFileReference; fileEncoding = 4; lastKnownFileType = sourcecode.c.h; path = ofxUIFPSSlider.h; sourceTree = "<group>"; };
		9E4975D21B4108D200BA0B21 /* ofxUIImage.cpp */ = {isa = PBXFileReference; fileEncoding = 4; lastKnownFileType = sourcecode.cpp.cpp; path = ofxUIImage.cpp; sourceTree = "<group>"; };
		9E4975D31B4108D200BA0B21 /* ofxUIImage.h */ = {isa = PBXFileReference; fileEncoding = 4; lastKnownFileType = sourcecode.c.h; path = ofxUIImage.h; sourceTree = "<group>"; };
		9E4975D41B4108D200BA0B21 /* ofxUIImageButton.cpp */ = {isa = PBXFileReference; fileEncoding = 4; lastKnownFileType = sourcecode.cpp.cpp; path = ofxUIImageButton.cpp; sourceTree = "<group>"; };
		9E4975D51B4108D200BA0B21 /* ofxUIImageButton.h */ = {isa = PBXFileReference; fileEncoding = 4; lastKnownFileType = sourcecode.c.h; path = ofxUIImageButton.h; sourceTree = "<group>"; };
		9E4975D61B4108D200BA0B21 /* ofxUIImageSampler.cpp */ = {isa = PBXFileReference; fileEncoding = 4; lastKnownFileType = sourcecode.cpp.cpp; path = ofxUIImageSampler.cpp; sourceTree = "<group>"; };
		9E4975D71B4108D200BA0B21 /* ofxUIImageSampler.h */ = {isa = PBXFileReference; fileEncoding = 4; lastKnownFileType = sourcecode.c.h; path = ofxUIImageSampler.h; sourceTree = "<group>"; };
		9E4975D81B4108D200BA0B21 /* ofxUIImageSlider.cpp */ = {isa = PBXFileReference; fileEncoding = 4; lastKnownFileType = sourcecode.cpp.cpp; path = ofxUIImageSlider.cpp; sourceTree = "<group>"; };
		9E4975D91B4108D200BA0B21 /* ofxUIImageSlider.h */ = {isa = PBXFileReference; fileEncoding = 4; lastKnownFileType = sourcecode.c.h; path = ofxUIImageSlider.h; sourceTree = "<group>"; };
		9E4975DA1B4108D200BA0B21 /* ofxUIImageToggle.cpp */ = {isa = PBXFileReference; fileEncoding = 4; lastKnownFileType = sourcecode.cpp.cpp; path = ofxUIImageToggle.cpp; sourceTree = "<group>"; };
		9E4975DB1B4108D200BA0B21 /* ofxUIImageToggle.h */ = {isa = PBXFileReference; fileEncoding = 4; lastKnownFileType = sourcecode.c.h; path = ofxUIImageToggle.h; sourceTree = "<group>"; };
		9E4975DC1B4108D200BA0B21 /* ofxUILabel.cpp */ = {isa = PBXFileReference; fileEncoding = 4; lastKnownFileType = sourcecode.cpp.cpp; path = ofxUILabel.cpp; sourceTree = "<group>"; };
		9E4975DD1B4108D200BA0B21 /* ofxUILabel.h */ = {isa = PBXFileReference; fileEncoding = 4; lastKnownFileType = sourcecode.c.h; path = ofxUILabel.h; sourceTree = "<group>"; };
		9E4975DE1B4108D200BA0B21 /* ofxUILabelButton.cpp */ = {isa = PBXFileReference; fileEncoding = 4; lastKnownFileType = sourcecode.cpp.cpp; path = ofxUILabelButton.cpp; sourceTree = "<group>"; };
		9E4975DF1B4108D200BA0B21 /* ofxUILabelButton.h */ = {isa = PBXFileReference; fileEncoding = 4; lastKnownFileType = sourcecode.c.h; path = ofxUILabelButton.h; sourceTree = "<group>"; };
		9E4975E01B4108D200BA0B21 /* ofxUILabelToggle.cpp */ = {isa = PBXFileReference; fileEncoding = 4; lastKnownFileType = sourcecode.cpp.cpp; path = ofxUILabelToggle.cpp; sourceTree = "<group>"; };
		9E4975E11B4108D200BA0B21 /* ofxUILabelToggle.h */ = {isa = PBXFileReference; fileEncoding = 4; lastKnownFileType = sourcecode.c.h; path = ofxUILabelToggle.h; sourceTree = "<group>"; };
		9E4975E21B4108D200BA0B21 /* ofxUIMinimalSlider.cpp */ = {isa = PBXFileReference; fileEncoding = 4; lastKnownFileType = sourcecode.cpp.cpp; path = ofxUIMinimalSlider.cpp; sourceTree = "<group>"; };
		9E4975E31B4108D200BA0B21 /* ofxUIMinimalSlider.h */ = {isa = PBXFileReference; fileEncoding = 4; lastKnownFileType = sourcecode.c.h; path = ofxUIMinimalSlider.h; sourceTree = "<group>"; };
		9E4975E41B4108D200BA0B21 /* ofxUIMovingGraph.cpp */ = {isa = PBXFileReference; fileEncoding = 4; lastKnownFileType = sourcecode.cpp.cpp; path = ofxUIMovingGraph.cpp; sourceTree = "<group>"; };
		9E4975E51B4108D200BA0B21 /* ofxUIMovingGraph.h */ = {isa = PBXFileReference; fileEncoding = 4; lastKnownFileType = sourcecode.c.h; path = ofxUIMovingGraph.h; sourceTree = "<group>"; };
		9E4975E61B4108D200BA0B21 /* ofxUIMultiImageButton.cpp */ = {isa = PBXFileReference; fileEncoding = 4; lastKnownFileType = sourcecode.cpp.cpp; path = ofxUIMultiImageButton.cpp; sourceTree = "<group>"; };
		9E4975E71B4108D200BA0B21 /* ofxUIMultiImageButton.h */ = {isa = PBXFileReference; fileEncoding = 4; lastKnownFileType = sourcecode.c.h; path = ofxUIMultiImageButton.h; sourceTree = "<group>"; };
		9E4975E81B4108D200BA0B21 /* ofxUIMultiImageToggle.cpp */ = {isa = PBXFileReference; fileEncoding = 4; lastKnownFileType = sourcecode.cpp.cpp; path = ofxUIMultiImageToggle.cpp; sourceTree = "<group>"; };
		9E4975E91B4108D200BA0B21 /* ofxUIMultiImageToggle.h */ = {isa = PBXFileReference; fileEncoding = 4; lastKnownFileType = sourcecode.c.h; path = ofxUIMultiImageToggle.h; sourceTree = "<group>"; };
		9E4975EA1B4108D200BA0B21 /* ofxUINumberDialer.cpp */ = {isa = PBXFileReference; fileEncoding = 4; lastKnownFileType = sourcecode.cpp.cpp; path = ofxUINumberDialer.cpp; sourceTree = "<group>"; };
		9E4975EB1B4108D200BA0B21 /* ofxUINumberDialer.h */ = {isa = PBXFileReference; fileEncoding = 4; lastKnownFileType = sourcecode.c.h; path = ofxUINumberDialer.h; sourceTree = "<group>"; };
		9E4975EC1B4108D200BA0B21 /* ofxUIOFWrapper.h */ = {isa = PBXFileReference; fileEncoding = 4; lastKnownFileType = sourcecode.c.h; path = ofxUIOFWrapper.h; sourceTree = "<group>"; };
		9E4975ED1B4108D200BA0B21 /* ofxUIRadio.cpp */ = {isa = PBXFileReference; fileEncoding = 4; lastKnownFileType = sourcecode.cpp.cpp; path = ofxUIRadio.cpp; sourceTree = "<group>"; };
		9E4975EE1B4108D200BA0B21 /* ofxUIRadio.h */ = {isa = PBXFileReference; fileEncoding = 4; lastKnownFileType = sourcecode.c.h; path = ofxUIRadio.h; sourceTree = "<group>"; };
		9E4975EF1B4108D200BA0B21 /* ofxUIRangeSlider.cpp */ = {isa = PBXFileReference; fileEncoding = 4; lastKnownFileType = sourcecode.cpp.cpp; path = ofxUIRangeSlider.cpp; sourceTree = "<group>"; };
		9E4975F01B4108D200BA0B21 /* ofxUIRangeSlider.h */ = {isa = PBXFileReference; fileEncoding = 4; lastKnownFileType = sourcecode.c.h; path = ofxUIRangeSlider.h; sourceTree = "<group>"; };
		9E4975F11B4108D200BA0B21 /* ofxUIRectangle.cpp */ = {isa = PBXFileReference; fileEncoding = 4; lastKnownFileType = sourcecode.cpp.cpp; path = ofxUIRectangle.cpp; sourceTree = "<group>"; };
		9E4975F21B4108D200BA0B21 /* ofxUIRectangle.h */ = {isa = PBXFileReference; fileEncoding = 4; lastKnownFileType = sourcecode.c.h; path = ofxUIRectangle.h; sourceTree = "<group>"; };
		9E4975F31B4108D200BA0B21 /* ofxUIRotarySlider.cpp */ = {isa = PBXFileReference; fileEncoding = 4; lastKnownFileType = sourcecode.cpp.cpp; path = ofxUIRotarySlider.cpp; sourceTree = "<group>"; };
		9E4975F41B4108D200BA0B21 /* ofxUIRotarySlider.h */ = {isa = PBXFileReference; fileEncoding = 4; lastKnownFileType = sourcecode.c.h; path = ofxUIRotarySlider.h; sourceTree = "<group>"; };
		9E4975F51B4108D200BA0B21 /* ofxUIScrollableCanvas.cpp */ = {isa = PBXFileReference; fileEncoding = 4; lastKnownFileType = sourcecode.cpp.cpp; path = ofxUIScrollableCanvas.cpp; sourceTree = "<group>"; };
		9E4975F61B4108D200BA0B21 /* ofxUIScrollableCanvas.h */ = {isa = PBXFileReference; fileEncoding = 4; lastKnownFileType = sourcecode.c.h; path = ofxUIScrollableCanvas.h; sourceTree = "<group>"; };
		9E4975F71B4108D200BA0B21 /* ofxUISlider.cpp */ = {isa = PBXFileReference; fileEncoding = 4; lastKnownFileType = sourcecode.cpp.cpp; path = ofxUISlider.cpp; sourceTree = "<group>"; };
		9E4975F81B4108D200BA0B21 /* ofxUISlider.h */ = {isa = PBXFileReference; fileEncoding = 4; lastKnownFileType = sourcecode.c.h; path = ofxUISlider.h; sourceTree = "<group>"; };
		9E4975F91B4108D200BA0B21 /* ofxUISortableList.cpp */ = {isa = PBXFileReference; fileEncoding = 4; lastKnownFileType = sourcecode.cpp.cpp; path = ofxUISortableList.cpp; sourceTree = "<group>"; };
		9E4975FA1B4108D200BA0B21 /* ofxUISortableList.h */ = {isa = PBXFileReference; fileEncoding = 4; lastKnownFileType = sourcecode.c.h; path = ofxUISortableList.h; sourceTree = "<group>"; };
		9E4975FB1B4108D200BA0B21 /* ofxUISpacer.cpp */ = {isa = PBXFileReference; fileEncoding = 4; lastKnownFileType = sourcecode.cpp.cpp; path = ofxUISpacer.cpp; sourceTree = "<group>"; };
		9E4975FC1B4108D200BA0B21 /* ofxUISpacer.h */ = {isa = PBXFileReference; fileEncoding = 4; lastKnownFileType = sourcecode.c.h; path = ofxUISpacer.h; sourceTree = "<group>"; };
		9E4975FD1B4108D200BA0B21 /* ofxUISpectrum.cpp */ = {isa = PBXFileReference; fileEncoding = 4; lastKnownFileType = sourcecode.cpp.cpp; path = ofxUISpectrum.cpp; sourceTree = "<group>"; };
		9E4975FE1B4108D200BA0B21 /* ofxUISpectrum.h */ = {isa = PBXFileReference; fileEncoding = 4; lastKnownFileType = sourcecode.c.h; path = ofxUISpectrum.h; sourceTree = "<group>"; };
		9E4975FF1B4108D200BA0B21 /* ofxUISuperCanvas.cpp */ = {isa = PBXFileReference; fileEncoding = 4; lastKnownFileType = sourcecode.cpp.cpp; path = ofxUISuperCanvas.cpp; sourceTree = "<group>"; };
		9E4976001B4108D200BA0B21 /* ofxUISuperCanvas.h */ = {isa = PBXFileReference; fileEncoding = 4; lastKnownFileType = sourcecode.c.h; path = ofxUISuperCanvas.h; sourceTree = "<group>"; };
		9E4976011B4108D200BA0B21 /* ofxUITabBar.cpp */ = {isa = PBXFileReference; fileEncoding = 4; lastKnownFileType = sourcecode.cpp.cpp; path = ofxUITabBar.cpp; sourceTree = "<group>"; };
		9E4976021B4108D200BA0B21 /* ofxUITabBar.h */ = {isa = PBXFileReference; fileEncoding = 4; lastKnownFileType = sourcecode.c.h; path = ofxUITabBar.h; sourceTree = "<group>"; };
		9E4976031B4108D200BA0B21 /* ofxUITextArea.cpp */ = {isa = PBXFileReference; fileEncoding = 4; lastKnownFileType = sourcecode.cpp.cpp; path = ofxUITextArea.cpp; sourceTree = "<group>"; };
		9E4976041B4108D200BA0B21 /* ofxUITextArea.h */ = {isa = PBXFileReference; fileEncoding = 4; lastKnownFileType = sourcecode.c.h; path = ofxUITextArea.h; sourceTree = "<group>"; };
		9E4976051B4108D200BA0B21 /* ofxUITextInput.cpp */ = {isa = PBXFileReference; fileEncoding = 4; lastKnownFileType = sourcecode.cpp.cpp; path = ofxUITextInput.cpp; sourceTree = "<group>"; };
		9E4976061B4108D200BA0B21 /* ofxUITextInput.h */ = {isa = PBXFileReference; fileEncoding = 4; lastKnownFileType = sourcecode.c.h; path = ofxUITextInput.h; sourceTree = "<group>"; };
		9E4976071B4108D200BA0B21 /* ofxUIToggle.cpp */ = {isa = PBXFileReference; fileEncoding = 4; lastKnownFileType = sourcecode.cpp.cpp; path = ofxUIToggle.cpp; sourceTree = "<group>"; };
		9E4976081B4108D200BA0B21 /* ofxUIToggle.h */ = {isa = PBXFileReference; fileEncoding = 4; lastKnownFileType = sourcecode.c.h; path = ofxUIToggle.h; sourceTree = "<group>"; };
		9E4976091B4108D200BA0B21 /* ofxUIToggleMatrix.cpp */ = {isa = PBXFileReference; fileEncoding = 4; lastKnownFileType = sourcecode.cpp.cpp; path = ofxUIToggleMatrix.cpp; sourceTree = "<group>"; };
		9E49760A1B4108D200BA0B21 /* ofxUIToggleMatrix.h */ = {isa = PBXFileReference; fileEncoding = 4; lastKnownFileType = sourcecode.c.h; path = ofxUIToggleMatrix.h; sourceTree = "<group>"; };
		9E49760B1B4108D200BA0B21 /* ofxUIUtils.h */ = {isa = PBXFileReference; fileEncoding = 4; lastKnownFileType = sourcecode.c.h; path = ofxUIUtils.h; sourceTree = "<group>"; };
		9E49760C1B4108D200BA0B21 /* ofxUIValuePlotter.cpp */ = {isa = PBXFileReference; fileEncoding = 4; lastKnownFileType = sourcecode.cpp.cpp; path = ofxUIValuePlotter.cpp; sourceTree = "<group>"; };
		9E49760D1B4108D200BA0B21 /* ofxUIValuePlotter.h */ = {isa = PBXFileReference; fileEncoding = 4; lastKnownFileType = sourcecode.c.h; path = ofxUIValuePlotter.h; sourceTree = "<group>"; };
		9E49760E1B4108D200BA0B21 /* ofxUIWaveform.cpp */ = {isa = PBXFileReference; fileEncoding = 4; lastKnownFileType = sourcecode.cpp.cpp; path = ofxUIWaveform.cpp; sourceTree = "<group>"; };
		9E49760F1B4108D200BA0B21 /* ofxUIWaveform.h */ = {isa = PBXFileReference; fileEncoding = 4; lastKnownFileType = sourcecode.c.h; path = ofxUIWaveform.h; sourceTree = "<group>"; };
		9E4976101B4108D200BA0B21 /* ofxUIWidget.cpp */ = {isa = PBXFileReference; fileEncoding = 4; lastKnownFileType = sourcecode.cpp.cpp; path = ofxUIWidget.cpp; sourceTree = "<group>"; };
		9E4976111B4108D200BA0B21 /* ofxUIWidget.h */ = {isa = PBXFileReference; fileEncoding = 4; lastKnownFileType = sourcecode.c.h; path = ofxUIWidget.h; sourceTree = "<group>"; };
		9E4976121B4108D200BA0B21 /* ofxUIWidgets.h */ = {isa = PBXFileReference; fileEncoding = 4; lastKnownFileType = sourcecode.c.h; path = ofxUIWidgets.h; sourceTree = "<group>"; };
		9E4976131B4108D200BA0B21 /* ofxUIWidgetWithLabel.cpp */ = {isa = PBXFileReference; fileEncoding = 4; lastKnownFileType = sourcecode.cpp.cpp; path = ofxUIWidgetWithLabel.cpp; sourceTree = "<group>"; };
		9E4976141B4108D200BA0B21 /* ofxUIWidgetWithLabel.h */ = {isa = PBXFileReference; fileEncoding = 4; lastKnownFileType = sourcecode.c.h; path = ofxUIWidgetWithLabel.h; sourceTree = "<group>"; };
		9E4976151B4108D200BA0B21 /* ofxUIWrapper.h */ = {isa = PBXFileReference; fileEncoding = 4; lastKnownFileType = sourcecode.c.h; path = ofxUIWrapper.h; sourceTree = "<group>"; };
		B21E7E5F548EEA92F368040B /* tinyxml.h */ = {isa = PBXFileReference; explicitFileType = sourcecode.c.h; fileEncoding = 30; name = tinyxml.h; path = ../../../addons/ofxXmlSettings/libs/tinyxml.h; sourceTree = SOURCE_ROOT; };
		BB16EBD10F2B2A9500518274 /* OpenGLES.framework */ = {isa = PBXFileReference; lastKnownFileType = wrapper.framework; name = OpenGLES.framework; path = System/Library/Frameworks/OpenGLES.framework; sourceTree = SDKROOT; };
		BB16EBD80F2B2AB500518274 /* QuartzCore.framework */ = {isa = PBXFileReference; lastKnownFileType = wrapper.framework; name = QuartzCore.framework; path = System/Library/Frameworks/QuartzCore.framework; sourceTree = SDKROOT; };
		BB24DDC910DA781C00E9C588 /* ofxiOS-Info.plist */ = {isa = PBXFileReference; fileEncoding = 4; lastKnownFileType = text.plist.xml; path = "ofxiOS-Info.plist"; sourceTree = "<group>"; };
		BBE5EAB70F49AD8400F28951 /* AudioToolbox.framework */ = {isa = PBXFileReference; lastKnownFileType = wrapper.framework; name = AudioToolbox.framework; path = System/Library/Frameworks/AudioToolbox.framework; sourceTree = SDKROOT; };
		E41D3ED613B38FB500A75A5D /* Project.xcconfig */ = {isa = PBXFileReference; fileEncoding = 4; lastKnownFileType = text.xcconfig; path = Project.xcconfig; sourceTree = "<group>"; };
		E41D3EE513B3906D00A75A5D /* CoreOF.xcconfig */ = {isa = PBXFileReference; fileEncoding = 4; lastKnownFileType = text.xcconfig; name = CoreOF.xcconfig; path = ../../../libs/openFrameworksCompiled/project/ios/CoreOF.xcconfig; sourceTree = SOURCE_ROOT; };
		E41D400613B39D2100A75A5D /* AVFoundation.framework */ = {isa = PBXFileReference; lastKnownFileType = wrapper.framework; name = AVFoundation.framework; path = System/Library/Frameworks/AVFoundation.framework; sourceTree = SDKROOT; };
		E41D400713B39D2100A75A5D /* CoreMedia.framework */ = {isa = PBXFileReference; lastKnownFileType = wrapper.framework; name = CoreMedia.framework; path = System/Library/Frameworks/CoreMedia.framework; sourceTree = SDKROOT; };
		E41D400813B39D2100A75A5D /* CoreVideo.framework */ = {isa = PBXFileReference; lastKnownFileType = wrapper.framework; name = CoreVideo.framework; path = System/Library/Frameworks/CoreVideo.framework; sourceTree = SDKROOT; };
		E41D400913B39D2100A75A5D /* MapKit.framework */ = {isa = PBXFileReference; lastKnownFileType = wrapper.framework; name = MapKit.framework; path = System/Library/Frameworks/MapKit.framework; sourceTree = SDKROOT; };
		E41D40FD13B3A0D800A75A5D /* iOS+OFLib.xcodeproj */ = {isa = PBXFileReference; lastKnownFileType = "wrapper.pb-project"; name = "iOS+OFLib.xcodeproj"; path = "../../../libs/openFrameworksCompiled/project/ios/iOS+OFLib.xcodeproj"; sourceTree = SOURCE_ROOT; };
		E4A823A312561BE3002F86A2 /* CoreGraphics.framework */ = {isa = PBXFileReference; lastKnownFileType = wrapper.framework; name = CoreGraphics.framework; path = System/Library/Frameworks/CoreGraphics.framework; sourceTree = SDKROOT; };
		E4D8936B11527B74007E1F53 /* main.mm */ = {isa = PBXFileReference; fileEncoding = 4; lastKnownFileType = sourcecode.cpp.objcpp; name = main.mm; path = src/main.mm; sourceTree = SOURCE_ROOT; };
		E4D8936C11527B74007E1F53 /* ofApp.h */ = {isa = PBXFileReference; fileEncoding = 4; lastKnownFileType = sourcecode.c.h; name = ofApp.h; path = src/ofApp.h; sourceTree = SOURCE_ROOT; };
		E4D8936D11527B74007E1F53 /* ofApp.mm */ = {isa = PBXFileReference; fileEncoding = 4; lastKnownFileType = sourcecode.cpp.objcpp; name = ofApp.mm; path = src/ofApp.mm; sourceTree = SOURCE_ROOT; };
		FC5DA1C87211D4F6377DA719 /* tinyxmlparser.cpp */ = {isa = PBXFileReference; explicitFileType = sourcecode.cpp.cpp; fileEncoding = 30; name = tinyxmlparser.cpp; path = ../../../addons/ofxXmlSettings/libs/tinyxmlparser.cpp; sourceTree = SOURCE_ROOT; };
/* End PBXFileReference section */

/* Begin PBXFrameworksBuildPhase section */
		1D60588F0D05DD3D006BFB54 /* Frameworks */ = {
			isa = PBXFrameworksBuildPhase;
			buildActionMask = 2147483647;
			files = (
				E41D421413B3A95300A75A5D /* libofxiOS_iphoneos_Debug.a in Frameworks */,
				1D60589F0D05DD5A006BFB54 /* Foundation.framework in Frameworks */,
				1DF5F4E00D08C38300B7A737 /* UIKit.framework in Frameworks */,
				288765FD0DF74451002DB57D /* CoreGraphics.framework in Frameworks */,
				BB16EBD20F2B2A9500518274 /* OpenGLES.framework in Frameworks */,
				BB16EBD90F2B2AB500518274 /* QuartzCore.framework in Frameworks */,
				BBE5EAB80F49AD8400F28951 /* AudioToolbox.framework in Frameworks */,
				53F323EB10A20EDB00E0DAE4 /* OpenAL.framework in Frameworks */,
				5326AEA810A23A0500278DE6 /* CoreLocation.framework in Frameworks */,
				E41D400B13B39D2100A75A5D /* AVFoundation.framework in Frameworks */,
				E41D400C13B39D2100A75A5D /* CoreMedia.framework in Frameworks */,
				E41D400D13B39D2100A75A5D /* CoreVideo.framework in Frameworks */,
				E41D400E13B39D2100A75A5D /* MapKit.framework in Frameworks */,
				67DFA53619F92A69003B3434 /* Accelerate.framework in Frameworks */,
			);
			runOnlyForDeploymentPostprocessing = 0;
		};
/* End PBXFrameworksBuildPhase section */

/* Begin PBXGroup section */
		19C28FACFE9D520D11CA2CBB /* Products */ = {
			isa = PBXGroup;
			children = (
				1D6058910D05DD3D006BFB54 /* example-ios.app */,
			);
			name = Products;
			sourceTree = "<group>";
		};
		1F4FB5C423662B96ADFDCC0B /* ofxXmlSettings */ = {
			isa = PBXGroup;
			children = (
				6ECEF0D76BC33727823EADFF /* src */,
				6E54289412D2D94F45A05113 /* libs */,
			);
			name = ofxXmlSettings;
			sourceTree = "<group>";
		};
		29B97314FDCFA39411CA2CEA /* CustomTemplate */ = {
			isa = PBXGroup;
			children = (
				678E130917951536005B6D19 /* Icon.png */,
				678E130717951530005B6D19 /* Icon@2x.png */,
				678E130B1795153C005B6D19 /* Default.png */,
				678E130D17951540005B6D19 /* Default@2x.png */,
				678E130F17951549005B6D19 /* Default-568h@2x~iphone.png */,
				E4D8936A11527B74007E1F53 /* src */,
				BB24E1F710DAA51900E9C588 /* openFrameworks */,
				BB16F26B0F2B646B00518274 /* addons */,
				BB16E9930F2B1E5900518274 /* libs */,
				19C28FACFE9D520D11CA2CBB /* Products */,
			);
			name = CustomTemplate;
			sourceTree = "<group>";
		};
		29B97323FDCFA39411CA2CEA /* core frameworks */ = {
			isa = PBXGroup;
			children = (
				E41D400613B39D2100A75A5D /* AVFoundation.framework */,
				E41D400713B39D2100A75A5D /* CoreMedia.framework */,
				E41D400813B39D2100A75A5D /* CoreVideo.framework */,
				E41D400913B39D2100A75A5D /* MapKit.framework */,
				53F323EA10A20EDB00E0DAE4 /* OpenAL.framework */,
				E4A823A312561BE3002F86A2 /* CoreGraphics.framework */,
				BBE5EAB70F49AD8400F28951 /* AudioToolbox.framework */,
				BB16EBD80F2B2AB500518274 /* QuartzCore.framework */,
				BB16EBD10F2B2A9500518274 /* OpenGLES.framework */,
				1DF5F4DF0D08C38300B7A737 /* UIKit.framework */,
				1D30AB110D05D00D00671497 /* Foundation.framework */,
				288765FC0DF74451002DB57D /* CoreGraphics.framework */,
				5326AEA710A23A0500278DE6 /* CoreLocation.framework */,
				67DFA53419F92A5E003B3434 /* Accelerate.framework */,
			);
			name = "core frameworks";
			sourceTree = "<group>";
		};
		6E54289412D2D94F45A05113 /* libs */ = {
			isa = PBXGroup;
			children = (
				2B40EDA85BEB63E46785BC29 /* tinyxml.cpp */,
				B21E7E5F548EEA92F368040B /* tinyxml.h */,
				832BDC407620CDBA568B713D /* tinyxmlerror.cpp */,
				FC5DA1C87211D4F6377DA719 /* tinyxmlparser.cpp */,
			);
			name = libs;
			sourceTree = "<group>";
		};
		6ECEF0D76BC33727823EADFF /* src */ = {
			isa = PBXGroup;
			children = (
				50DF87D612C5AAE17AAFA6C0 /* ofxXmlSettings.cpp */,
				01DCC0911400F9ACF5B65578 /* ofxXmlSettings.h */,
			);
			name = src;
			sourceTree = "<group>";
		};
		9E4973CB1B4108D000BA0B21 /* ofxUI */ = {
			isa = PBXGroup;
			children = (
				9E4975B71B4108D200BA0B21 /* src */,
			);
			name = ofxUI;
			path = ../../../addons/ofxUI;
			sourceTree = "<group>";
		};
		9E4975B71B4108D200BA0B21 /* src */ = {
			isa = PBXGroup;
			children = (
				9E4975B81B4108D200BA0B21 /* ofxUI.h */,
				9E4975B91B4108D200BA0B21 /* ofxUI2DGraph.cpp */,
				9E4975BA1B4108D200BA0B21 /* ofxUI2DGraph.h */,
				9E4975BB1B4108D200BA0B21 /* ofxUI2DPad.cpp */,
				9E4975BC1B4108D200BA0B21 /* ofxUI2DPad.h */,
				9E4975BD1B4108D200BA0B21 /* ofxUIBaseDraws.cpp */,
				9E4975BE1B4108D200BA0B21 /* ofxUIBaseDraws.h */,
				9E4975BF1B4108D200BA0B21 /* ofxUIBiLabelSlider.cpp */,
				9E4975C01B4108D200BA0B21 /* ofxUIBiLabelSlider.h */,
				9E4975C11B4108D200BA0B21 /* ofxUIButton.cpp */,
				9E4975C21B4108D200BA0B21 /* ofxUIButton.h */,
				9E4975C31B4108D200BA0B21 /* ofxUICanvas.cpp */,
				9E4975C41B4108D200BA0B21 /* ofxUICanvas.h */,
				9E4975C51B4108D200BA0B21 /* ofxUICircleSlider.cpp */,
				9E4975C61B4108D200BA0B21 /* ofxUICircleSlider.h */,
				9E4975C71B4108D200BA0B21 /* ofxUIDefines.h */,
				9E4975C81B4108D200BA0B21 /* ofxUIDragableLabelButton.cpp */,
				9E4975C91B4108D200BA0B21 /* ofxUIDragableLabelButton.h */,
				9E4975CA1B4108D200BA0B21 /* ofxUIDropDownList.cpp */,
				9E4975CB1B4108D200BA0B21 /* ofxUIDropDownList.h */,
				9E4975CC1B4108D200BA0B21 /* ofxUIEventArgs.cpp */,
				9E4975CD1B4108D200BA0B21 /* ofxUIEventArgs.h */,
				9E4975CE1B4108D200BA0B21 /* ofxUIFPS.cpp */,
				9E4975CF1B4108D200BA0B21 /* ofxUIFPS.h */,
				9E4975D01B4108D200BA0B21 /* ofxUIFPSSlider.cpp */,
				9E4975D11B4108D200BA0B21 /* ofxUIFPSSlider.h */,
				9E4975D21B4108D200BA0B21 /* ofxUIImage.cpp */,
				9E4975D31B4108D200BA0B21 /* ofxUIImage.h */,
				9E4975D41B4108D200BA0B21 /* ofxUIImageButton.cpp */,
				9E4975D51B4108D200BA0B21 /* ofxUIImageButton.h */,
				9E4975D61B4108D200BA0B21 /* ofxUIImageSampler.cpp */,
				9E4975D71B4108D200BA0B21 /* ofxUIImageSampler.h */,
				9E4975D81B4108D200BA0B21 /* ofxUIImageSlider.cpp */,
				9E4975D91B4108D200BA0B21 /* ofxUIImageSlider.h */,
				9E4975DA1B4108D200BA0B21 /* ofxUIImageToggle.cpp */,
				9E4975DB1B4108D200BA0B21 /* ofxUIImageToggle.h */,
				9E4975DC1B4108D200BA0B21 /* ofxUILabel.cpp */,
				9E4975DD1B4108D200BA0B21 /* ofxUILabel.h */,
				9E4975DE1B4108D200BA0B21 /* ofxUILabelButton.cpp */,
				9E4975DF1B4108D200BA0B21 /* ofxUILabelButton.h */,
				9E4975E01B4108D200BA0B21 /* ofxUILabelToggle.cpp */,
				9E4975E11B4108D200BA0B21 /* ofxUILabelToggle.h */,
				9E4975E21B4108D200BA0B21 /* ofxUIMinimalSlider.cpp */,
				9E4975E31B4108D200BA0B21 /* ofxUIMinimalSlider.h */,
				9E4975E41B4108D200BA0B21 /* ofxUIMovingGraph.cpp */,
				9E4975E51B4108D200BA0B21 /* ofxUIMovingGraph.h */,
				9E4975E61B4108D200BA0B21 /* ofxUIMultiImageButton.cpp */,
				9E4975E71B4108D200BA0B21 /* ofxUIMultiImageButton.h */,
				9E4975E81B4108D200BA0B21 /* ofxUIMultiImageToggle.cpp */,
				9E4975E91B4108D200BA0B21 /* ofxUIMultiImageToggle.h */,
				9E4975EA1B4108D200BA0B21 /* ofxUINumberDialer.cpp */,
				9E4975EB1B4108D200BA0B21 /* ofxUINumberDialer.h */,
				9E4975EC1B4108D200BA0B21 /* ofxUIOFWrapper.h */,
				9E4975ED1B4108D200BA0B21 /* ofxUIRadio.cpp */,
				9E4975EE1B4108D200BA0B21 /* ofxUIRadio.h */,
				9E4975EF1B4108D200BA0B21 /* ofxUIRangeSlider.cpp */,
				9E4975F01B4108D200BA0B21 /* ofxUIRangeSlider.h */,
				9E4975F11B4108D200BA0B21 /* ofxUIRectangle.cpp */,
				9E4975F21B4108D200BA0B21 /* ofxUIRectangle.h */,
				9E4975F31B4108D200BA0B21 /* ofxUIRotarySlider.cpp */,
				9E4975F41B4108D200BA0B21 /* ofxUIRotarySlider.h */,
				9E4975F51B4108D200BA0B21 /* ofxUIScrollableCanvas.cpp */,
				9E4975F61B4108D200BA0B21 /* ofxUIScrollableCanvas.h */,
				9E4975F71B4108D200BA0B21 /* ofxUISlider.cpp */,
				9E4975F81B4108D200BA0B21 /* ofxUISlider.h */,
				9E4975F91B4108D200BA0B21 /* ofxUISortableList.cpp */,
				9E4975FA1B4108D200BA0B21 /* ofxUISortableList.h */,
				9E4975FB1B4108D200BA0B21 /* ofxUISpacer.cpp */,
				9E4975FC1B4108D200BA0B21 /* ofxUISpacer.h */,
				9E4975FD1B4108D200BA0B21 /* ofxUISpectrum.cpp */,
				9E4975FE1B4108D200BA0B21 /* ofxUISpectrum.h */,
				9E4975FF1B4108D200BA0B21 /* ofxUISuperCanvas.cpp */,
				9E4976001B4108D200BA0B21 /* ofxUISuperCanvas.h */,
				9E4976011B4108D200BA0B21 /* ofxUITabBar.cpp */,
				9E4976021B4108D200BA0B21 /* ofxUITabBar.h */,
				9E4976031B4108D200BA0B21 /* ofxUITextArea.cpp */,
				9E4976041B4108D200BA0B21 /* ofxUITextArea.h */,
				9E4976051B4108D200BA0B21 /* ofxUITextInput.cpp */,
				9E4976061B4108D200BA0B21 /* ofxUITextInput.h */,
				9E4976071B4108D200BA0B21 /* ofxUIToggle.cpp */,
				9E4976081B4108D200BA0B21 /* ofxUIToggle.h */,
				9E4976091B4108D200BA0B21 /* ofxUIToggleMatrix.cpp */,
				9E49760A1B4108D200BA0B21 /* ofxUIToggleMatrix.h */,
				9E49760B1B4108D200BA0B21 /* ofxUIUtils.h */,
				9E49760C1B4108D200BA0B21 /* ofxUIValuePlotter.cpp */,
				9E49760D1B4108D200BA0B21 /* ofxUIValuePlotter.h */,
				9E49760E1B4108D200BA0B21 /* ofxUIWaveform.cpp */,
				9E49760F1B4108D200BA0B21 /* ofxUIWaveform.h */,
				9E4976101B4108D200BA0B21 /* ofxUIWidget.cpp */,
				9E4976111B4108D200BA0B21 /* ofxUIWidget.h */,
				9E4976121B4108D200BA0B21 /* ofxUIWidgets.h */,
				9E4976131B4108D200BA0B21 /* ofxUIWidgetWithLabel.cpp */,
				9E4976141B4108D200BA0B21 /* ofxUIWidgetWithLabel.h */,
				9E4976151B4108D200BA0B21 /* ofxUIWrapper.h */,
			);
			path = src;
			sourceTree = "<group>";
		};
		BB16E9930F2B1E5900518274 /* libs */ = {
			isa = PBXGroup;
			children = (
				BBE5E94E0F497BD800F28951 /* core */,
			);
			name = libs;
			sourceTree = "<group>";
		};
		BB16F26B0F2B646B00518274 /* addons */ = {
			isa = PBXGroup;
			children = (
				9E4973CB1B4108D000BA0B21 /* ofxUI */,
				1F4FB5C423662B96ADFDCC0B /* ofxXmlSettings */,
			);
			name = addons;
			sourceTree = "<group>";
		};
		BB24E1F710DAA51900E9C588 /* openFrameworks */ = {
			isa = PBXGroup;
			children = (
				E41D40FD13B3A0D800A75A5D /* iOS+OFLib.xcodeproj */,
				32CA4F630368D1EE00C91783 /* ofxiOS_Prefix.pch */,
				BB24DDC910DA781C00E9C588 /* ofxiOS-Info.plist */,
				E41D3EE513B3906D00A75A5D /* CoreOF.xcconfig */,
				E41D3ED613B38FB500A75A5D /* Project.xcconfig */,
			);
			name = openFrameworks;
			sourceTree = "<group>";
		};
		BBE5E94E0F497BD800F28951 /* core */ = {
			isa = PBXGroup;
			children = (
				29B97323FDCFA39411CA2CEA /* core frameworks */,
			);
			name = core;
			sourceTree = "<group>";
		};
		E41D40FE13B3A0D800A75A5D /* Products */ = {
			isa = PBXGroup;
			children = (
				E41D410213B3A0D800A75A5D /* libofxiOS_iphoneos_Debug.a */,
			);
			name = Products;
			sourceTree = "<group>";
		};
		E4D8936A11527B74007E1F53 /* src */ = {
			isa = PBXGroup;
			children = (
				E4D8936B11527B74007E1F53 /* main.mm */,
				E4D8936D11527B74007E1F53 /* ofApp.mm */,
				E4D8936C11527B74007E1F53 /* ofApp.h */,
			);
			path = src;
			sourceTree = SOURCE_ROOT;
		};
/* End PBXGroup section */

/* Begin PBXNativeTarget section */
		1D6058900D05DD3D006BFB54 /* example-ios */ = {
			isa = PBXNativeTarget;
			buildConfigurationList = 1D6058960D05DD3E006BFB54 /* Build configuration list for PBXNativeTarget "example-ios" */;
			buildPhases = (
				1D60588D0D05DD3D006BFB54 /* Resources */,
				1D60588E0D05DD3D006BFB54 /* Sources */,
				1D60588F0D05DD3D006BFB54 /* Frameworks */,
				9255DD331112741900D6945E /* ShellScript */,
			);
			buildRules = (
			);
			dependencies = (
				E41D410413B3A11300A75A5D /* PBXTargetDependency */,
			);
			name = "example-ios";
			productName = iPhone;
			productReference = 1D6058910D05DD3D006BFB54 /* example-ios.app */;
			productType = "com.apple.product-type.application";
		};
/* End PBXNativeTarget section */

/* Begin PBXProject section */
		29B97313FDCFA39411CA2CEA /* Project object */ = {
			isa = PBXProject;
			attributes = {
				LastUpgradeCheck = 0600;
			};
			buildConfigurationList = C01FCF4E08A954540054247B /* Build configuration list for PBXProject "example-ios" */;
			compatibilityVersion = "Xcode 3.2";
			developmentRegion = English;
			hasScannedForEncodings = 1;
			knownRegions = (
				English,
				Japanese,
				French,
				German,
			);
			mainGroup = 29B97314FDCFA39411CA2CEA /* CustomTemplate */;
			projectDirPath = "";
			projectReferences = (
				{
					ProductGroup = E41D40FE13B3A0D800A75A5D /* Products */;
					ProjectRef = E41D40FD13B3A0D800A75A5D /* iOS+OFLib.xcodeproj */;
				},
			);
			projectRoot = "";
			targets = (
				1D6058900D05DD3D006BFB54 /* example-ios */,
			);
		};
/* End PBXProject section */

/* Begin PBXReferenceProxy section */
		E41D410213B3A0D800A75A5D /* libofxiOS_iphoneos_Debug.a */ = {
			isa = PBXReferenceProxy;
			fileType = archive.ar;
			path = libofxiOS_iphoneos_Debug.a;
			remoteRef = E41D410113B3A0D800A75A5D /* PBXContainerItemProxy */;
			sourceTree = BUILT_PRODUCTS_DIR;
		};
/* End PBXReferenceProxy section */

/* Begin PBXResourcesBuildPhase section */
		1D60588D0D05DD3D006BFB54 /* Resources */ = {
			isa = PBXResourcesBuildPhase;
			buildActionMask = 2147483647;
			files = (
				678E130817951530005B6D19 /* Icon@2x.png in Resources */,
				678E130A17951536005B6D19 /* Icon.png in Resources */,
				678E130C1795153C005B6D19 /* Default.png in Resources */,
				678E130E17951540005B6D19 /* Default@2x.png in Resources */,
				678E131017951549005B6D19 /* Default-568h@2x~iphone.png in Resources */,
			);
			runOnlyForDeploymentPostprocessing = 0;
		};
/* End PBXResourcesBuildPhase section */

/* Begin PBXShellScriptBuildPhase section */
		9255DD331112741900D6945E /* ShellScript */ = {
			isa = PBXShellScriptBuildPhase;
			buildActionMask = 2147483647;
			files = (
			);
			inputPaths = (
			);
			outputPaths = (
			);
			runOnlyForDeploymentPostprocessing = 0;
			shellPath = /bin/sh;
			shellScript = "rsync -avz --exclude='.DS_Store' \"${SRCROOT}/bin/data/\" \"${TARGET_BUILD_DIR}/${UNLOCALIZED_RESOURCES_FOLDER_PATH}\"\n\n\n\n";
		};
/* End PBXShellScriptBuildPhase section */

/* Begin PBXSourcesBuildPhase section */
		1D60588E0D05DD3D006BFB54 /* Sources */ = {
			isa = PBXSourcesBuildPhase;
			buildActionMask = 2147483647;
			files = (
				9E4977851B4108D200BA0B21 /* ofxUITextInput.cpp in Sources */,
				E4D8936E11527B74007E1F53 /* main.mm in Sources */,
				9E4977671B4108D200BA0B21 /* ofxUIDragableLabelButton.cpp in Sources */,
				E4D8936F11527B74007E1F53 /* ofApp.mm in Sources */,
				9E4977651B4108D200BA0B21 /* ofxUICanvas.cpp in Sources */,
				63B57AC5BF4EF088491E0317 /* ofxXmlSettings.cpp in Sources */,
				9E49776A1B4108D200BA0B21 /* ofxUIFPS.cpp in Sources */,
				9E4977601B4108D200BA0B21 /* ofxUI2DGraph.cpp in Sources */,
				9E49776D1B4108D200BA0B21 /* ofxUIImageButton.cpp in Sources */,
				9E4977681B4108D200BA0B21 /* ofxUIDropDownList.cpp in Sources */,
				9E4977801B4108D200BA0B21 /* ofxUISpacer.cpp in Sources */,
				9E49776E1B4108D200BA0B21 /* ofxUIImageSampler.cpp in Sources */,
				9E49777B1B4108D200BA0B21 /* ofxUIRectangle.cpp in Sources */,
				9E4977831B4108D200BA0B21 /* ofxUITabBar.cpp in Sources */,
				9E4977861B4108D200BA0B21 /* ofxUIToggle.cpp in Sources */,
				9E4977631B4108D200BA0B21 /* ofxUIBiLabelSlider.cpp in Sources */,
				9E4977821B4108D200BA0B21 /* ofxUISuperCanvas.cpp in Sources */,
				9E49776C1B4108D200BA0B21 /* ofxUIImage.cpp in Sources */,
				9E4977751B4108D200BA0B21 /* ofxUIMovingGraph.cpp in Sources */,
				933A2227713C720CEFF80FD9 /* tinyxml.cpp in Sources */,
				9E4977881B4108D200BA0B21 /* ofxUIValuePlotter.cpp in Sources */,
				9D44DC88EF9E7991B4A09951 /* tinyxmlerror.cpp in Sources */,
				9E4977611B4108D200BA0B21 /* ofxUI2DPad.cpp in Sources */,
				9E4977701B4108D200BA0B21 /* ofxUIImageToggle.cpp in Sources */,
				9E49778B1B4108D200BA0B21 /* ofxUIWidgetWithLabel.cpp in Sources */,
				9E4977721B4108D200BA0B21 /* ofxUILabelButton.cpp in Sources */,
				9E4977661B4108D200BA0B21 /* ofxUICircleSlider.cpp in Sources */,
				9E49776F1B4108D200BA0B21 /* ofxUIImageSlider.cpp in Sources */,
				9E49777D1B4108D200BA0B21 /* ofxUIScrollableCanvas.cpp in Sources */,
				9E49778A1B4108D200BA0B21 /* ofxUIWidget.cpp in Sources */,
				9E4977731B4108D200BA0B21 /* ofxUILabelToggle.cpp in Sources */,
				9E49777E1B4108D200BA0B21 /* ofxUISlider.cpp in Sources */,
				9E49777A1B4108D200BA0B21 /* ofxUIRangeSlider.cpp in Sources */,
				9E4977771B4108D200BA0B21 /* ofxUIMultiImageToggle.cpp in Sources */,
				9E4977891B4108D200BA0B21 /* ofxUIWaveform.cpp in Sources */,
				9E49776B1B4108D200BA0B21 /* ofxUIFPSSlider.cpp in Sources */,
				9E4977761B4108D200BA0B21 /* ofxUIMultiImageButton.cpp in Sources */,
				9E4977711B4108D200BA0B21 /* ofxUILabel.cpp in Sources */,
				9E4977841B4108D200BA0B21 /* ofxUITextArea.cpp in Sources */,
				9E4977741B4108D200BA0B21 /* ofxUIMinimalSlider.cpp in Sources */,
				9E4977811B4108D200BA0B21 /* ofxUISpectrum.cpp in Sources */,
				9E4977791B4108D200BA0B21 /* ofxUIRadio.cpp in Sources */,
				9E4977871B4108D200BA0B21 /* ofxUIToggleMatrix.cpp in Sources */,
				9E4977781B4108D200BA0B21 /* ofxUINumberDialer.cpp in Sources */,
				9E49777C1B4108D200BA0B21 /* ofxUIRotarySlider.cpp in Sources */,
				9E49777F1B4108D200BA0B21 /* ofxUISortableList.cpp in Sources */,
				9E4977641B4108D200BA0B21 /* ofxUIButton.cpp in Sources */,
				9E4977691B4108D200BA0B21 /* ofxUIEventArgs.cpp in Sources */,
				5A4349E9754D6FA14C0F2A3A /* tinyxmlparser.cpp in Sources */,
				9E4977621B4108D200BA0B21 /* ofxUIBaseDraws.cpp in Sources */,
			);
			runOnlyForDeploymentPostprocessing = 0;
		};
/* End PBXSourcesBuildPhase section */

/* Begin PBXTargetDependency section */
		E41D410413B3A11300A75A5D /* PBXTargetDependency */ = {
			isa = PBXTargetDependency;
			name = "iPhone+OF Static Library";
			targetProxy = E41D410313B3A11300A75A5D /* PBXContainerItemProxy */;
		};
/* End PBXTargetDependency section */

/* Begin XCBuildConfiguration section */
		1D6058940D05DD3E006BFB54 /* Debug */ = {
			isa = XCBuildConfiguration;
			buildSettings = {
				ALWAYS_SEARCH_USER_PATHS = NO;
				GCC_PRECOMPILE_PREFIX_HEADER = YES;
				GCC_PREFIX_HEADER = ofxiOS_Prefix.pch;
				INFOPLIST_FILE = "ofxiOS-Info.plist";
				IPHONEOS_DEPLOYMENT_TARGET = 5.1.1;
				PRODUCT_NAME = "example-ios";
				VALID_ARCHS = "$(ARCHS_STANDARD)";
			};
			name = Debug;
		};
		1D6058950D05DD3E006BFB54 /* Release */ = {
			isa = XCBuildConfiguration;
			buildSettings = {
				GCC_PRECOMPILE_PREFIX_HEADER = YES;
				GCC_PREFIX_HEADER = ofxiOS_Prefix.pch;
				INFOPLIST_FILE = "ofxiOS-Info.plist";
				IPHONEOS_DEPLOYMENT_TARGET = 5.1.1;
				PRODUCT_NAME = "example-ios";
				VALID_ARCHS = "$(ARCHS_STANDARD)";
			};
			name = Release;
		};
		C01FCF4F08A954540054247B /* Debug */ = {
			isa = XCBuildConfiguration;
			baseConfigurationReference = E41D3ED613B38FB500A75A5D /* Project.xcconfig */;
			buildSettings = {
				ALWAYS_SEARCH_USER_PATHS = YES;
				CLANG_CXX_LIBRARY = "libc++";
				CODE_SIGN_IDENTITY = "";
				"CODE_SIGN_IDENTITY[sdk=iphoneos*]" = "iPhone Developer";
				COMPRESS_PNG_FILES = NO;
				GCC_C_LANGUAGE_STANDARD = c11;
				GCC_OPTIMIZATION_LEVEL = 0;
				GCC_SYMBOLS_PRIVATE_EXTERN = NO;
				GCC_WARN_ABOUT_INVALID_OFFSETOF_MACRO = NO;
				GCC_WARN_ABOUT_POINTER_SIGNEDNESS = NO;
				GCC_WARN_ABOUT_RETURN_TYPE = YES;
				GCC_WARN_ALLOW_INCOMPLETE_PROTOCOL = NO;
				GCC_WARN_PROTOTYPE_CONVERSION = NO;
				GCC_WARN_UNUSED_VARIABLE = YES;
				HEADER_SEARCH_PATHS = (
					"$(OF_CORE_HEADERS)",
					../../../addons/ofxXmlSettings/libs,
					../../../addons/ofxXmlSettings/src,
					../../../addons/libs,
					../../../addons/src,
					src,
				);
				IPHONEOS_DEPLOYMENT_TARGET = 5.1.1;
				ONLY_ACTIVE_ARCH = NO;
				"PROVISIONING_PROFILE[sdk=iphoneos*]" = "";
				SDKROOT = iphoneos;
				TARGETED_DEVICE_FAMILY = 1;
				VALID_ARCHS = "$(ARCHS_STANDARD)";
				WARNING_LDFLAGS = "-no_arch_warnings";
			};
			name = Debug;
		};
		C01FCF5008A954540054247B /* Release */ = {
			isa = XCBuildConfiguration;
			baseConfigurationReference = E41D3ED613B38FB500A75A5D /* Project.xcconfig */;
			buildSettings = {
				ALWAYS_SEARCH_USER_PATHS = YES;
				CLANG_CXX_LIBRARY = "libc++";
				CODE_SIGN_IDENTITY = "";
				"CODE_SIGN_IDENTITY[sdk=iphoneos*]" = "iPhone Developer";
				COMPRESS_PNG_FILES = NO;
				GCC_C_LANGUAGE_STANDARD = c11;
				GCC_DYNAMIC_NO_PIC = NO;
				GCC_GENERATE_DEBUGGING_SYMBOLS = NO;
				GCC_OPTIMIZATION_LEVEL = s;
				GCC_SYMBOLS_PRIVATE_EXTERN = NO;
				GCC_THUMB_SUPPORT = NO;
				GCC_WARN_ABOUT_RETURN_TYPE = YES;
				GCC_WARN_UNUSED_VARIABLE = YES;
				HEADER_SEARCH_PATHS = (
					"$(OF_CORE_HEADERS)",
					../../../addons/ofxXmlSettings/libs,
					../../../addons/ofxXmlSettings/src,
					../../../addons/libs,
					../../../addons/src,
					src,
				);
				IPHONEOS_DEPLOYMENT_TARGET = 5.1.1;
				ONLY_ACTIVE_ARCH = NO;
				SDKROOT = iphoneos;
				TARGETED_DEVICE_FAMILY = 1;
				VALID_ARCHS = "$(ARCHS_STANDARD)";
				WARNING_LDFLAGS = "-no_arch_warnings";
			};
			name = Release;
		};
/* End XCBuildConfiguration section */

/* Begin XCConfigurationList section */
		1D6058960D05DD3E006BFB54 /* Build configuration list for PBXNativeTarget "example-ios" */ = {
			isa = XCConfigurationList;
			buildConfigurations = (
				1D6058940D05DD3E006BFB54 /* Debug */,
				1D6058950D05DD3E006BFB54 /* Release */,
			);
			defaultConfigurationIsVisible = 0;
			defaultConfigurationName = Release;
		};
		C01FCF4E08A954540054247B /* Build configuration list for PBXProject "example-ios" */ = {
			isa = XCConfigurationList;
			buildConfigurations = (
				C01FCF4F08A954540054247B /* Debug */,
				C01FCF5008A954540054247B /* Release */,
			);
			defaultConfigurationIsVisible = 0;
			defaultConfigurationName = Release;
		};
/* End XCConfigurationList section */
	};
	rootObject = 29B97313FDCFA39411CA2CEA /* Project object */;
}
