<?xml version="1.0"?>
<Project ToolsVersion="4.0" xmlns="http://schemas.microsoft.com/developer/msbuild/2003">
	<ItemGroup>
		<ClCompile Include="src\ofApp.cpp">
			<Filter>src</Filter>
		</ClCompile>
		<ClCompile Include="src\main.cpp">
			<Filter>src</Filter>
		</ClCompile>
		<ClCompile Include="..\..\..\addons\ofxUI\src\ofxUI2DGraph.cpp">
			<Filter>addons\ofxUI\src</Filter>
		</ClCompile>
		<ClCompile Include="..\..\..\addons\ofxUI\src\ofxUI2DPad.cpp">
			<Filter>addons\ofxUI\src</Filter>
		</ClCompile>
		<ClCompile Include="..\..\..\addons\ofxUI\src\ofxUIBaseDraws.cpp">
			<Filter>addons\ofxUI\src</Filter>
		</ClCompile>
		<ClCompile Include="..\..\..\addons\ofxUI\src\ofxUIBiLabelSlider.cpp">
			<Filter>addons\ofxUI\src</Filter>
		</ClCompile>
		<ClCompile Include="..\..\..\addons\ofxUI\src\ofxUIButton.cpp">
			<Filter>addons\ofxUI\src</Filter>
		</ClCompile>
		<ClCompile Include="..\..\..\addons\ofxUI\src\ofxUICanvas.cpp">
			<Filter>addons\ofxUI\src</Filter>
		</ClCompile>
		<ClCompile Include="..\..\..\addons\ofxUI\src\ofxUICircleSlider.cpp">
			<Filter>addons\ofxUI\src</Filter>
		</ClCompile>
		<ClCompile Include="..\..\..\addons\ofxUI\src\ofxUICustomImageButton.cpp">
			<Filter>addons\ofxUI\src</Filter>
		</ClCompile>
		<ClCompile Include="..\..\..\addons\ofxUI\src\ofxUIDragableLabelButton.cpp">
			<Filter>addons\ofxUI\src</Filter>
		</ClCompile>
		<ClCompile Include="..\..\..\addons\ofxUI\src\ofxUIDropDownList.cpp">
			<Filter>addons\ofxUI\src</Filter>
		</ClCompile>
		<ClCompile Include="..\..\..\addons\ofxUI\src\ofxUIEventArgs.cpp">
			<Filter>addons\ofxUI\src</Filter>
		</ClCompile>
		<ClCompile Include="..\..\..\addons\ofxUI\src\ofxUIFPS.cpp">
			<Filter>addons\ofxUI\src</Filter>
		</ClCompile>
		<ClCompile Include="..\..\..\addons\ofxUI\src\ofxUIFPSSlider.cpp">
			<Filter>addons\ofxUI\src</Filter>
		</ClCompile>
		<ClCompile Include="..\..\..\addons\ofxUI\src\ofxUIImage.cpp">
			<Filter>addons\ofxUI\src</Filter>
		</ClCompile>
		<ClCompile Include="..\..\..\addons\ofxUI\src\ofxUIImageButton.cpp">
			<Filter>addons\ofxUI\src</Filter>
		</ClCompile>
		<ClCompile Include="..\..\..\addons\ofxUI\src\ofxUIImageSampler.cpp">
			<Filter>addons\ofxUI\src</Filter>
		</ClCompile>
		<ClCompile Include="..\..\..\addons\ofxUI\src\ofxUIImageSlider.cpp">
			<Filter>addons\ofxUI\src</Filter>
		</ClCompile>
		<ClCompile Include="..\..\..\addons\ofxUI\src\ofxUIImageToggle.cpp">
			<Filter>addons\ofxUI\src</Filter>
		</ClCompile>
		<ClCompile Include="..\..\..\addons\ofxUI\src\ofxUIIntSlider.cpp">
			<Filter>addons\ofxUI\src</Filter>
		</ClCompile>
		<ClCompile Include="..\..\..\addons\ofxUI\src\ofxUILabel.cpp">
			<Filter>addons\ofxUI\src</Filter>
		</ClCompile>
		<ClCompile Include="..\..\..\addons\ofxUI\src\ofxUILabelButton.cpp">
			<Filter>addons\ofxUI\src</Filter>
		</ClCompile>
		<ClCompile Include="..\..\..\addons\ofxUI\src\ofxUILabelToggle.cpp">
			<Filter>addons\ofxUI\src</Filter>
		</ClCompile>
		<ClCompile Include="..\..\..\addons\ofxUI\src\ofxUIMinimalSlider.cpp">
			<Filter>addons\ofxUI\src</Filter>
		</ClCompile>
		<ClCompile Include="..\..\..\addons\ofxUI\src\ofxUIMovingGraph.cpp">
			<Filter>addons\ofxUI\src</Filter>
		</ClCompile>
		<ClCompile Include="..\..\..\addons\ofxUI\src\ofxUIMultiImageButton.cpp">
			<Filter>addons\ofxUI\src</Filter>
		</ClCompile>
		<ClCompile Include="..\..\..\addons\ofxUI\src\ofxUIMultiImageToggle.cpp">
			<Filter>addons\ofxUI\src</Filter>
		</ClCompile>
		<ClCompile Include="..\..\..\addons\ofxUI\src\ofxUINumberDialer.cpp">
			<Filter>addons\ofxUI\src</Filter>
		</ClCompile>
		<ClCompile Include="..\..\..\addons\ofxUI\src\ofxUIRadio.cpp">
			<Filter>addons\ofxUI\src</Filter>
		</ClCompile>
		<ClCompile Include="..\..\..\addons\ofxUI\src\ofxUIRangeSlider.cpp">
			<Filter>addons\ofxUI\src</Filter>
		</ClCompile>
		<ClCompile Include="..\..\..\addons\ofxUI\src\ofxUIRectangle.cpp">
			<Filter>addons\ofxUI\src</Filter>
		</ClCompile>
		<ClCompile Include="..\..\..\addons\ofxUI\src\ofxUIRotarySlider.cpp">
			<Filter>addons\ofxUI\src</Filter>
		</ClCompile>
		<ClCompile Include="..\..\..\addons\ofxUI\src\ofxUIScrollableCanvas.cpp">
			<Filter>addons\ofxUI\src</Filter>
		</ClCompile>
		<ClCompile Include="..\..\..\addons\ofxUI\src\ofxUISlider.cpp">
			<Filter>addons\ofxUI\src</Filter>
		</ClCompile>
		<ClCompile Include="..\..\..\addons\ofxUI\src\ofxUISortableList.cpp">
			<Filter>addons\ofxUI\src</Filter>
		</ClCompile>
		<ClCompile Include="..\..\..\addons\ofxUI\src\ofxUISpacer.cpp">
			<Filter>addons\ofxUI\src</Filter>
		</ClCompile>
		<ClCompile Include="..\..\..\addons\ofxUI\src\ofxUISpectrum.cpp">
			<Filter>addons\ofxUI\src</Filter>
		</ClCompile>
		<ClCompile Include="..\..\..\addons\ofxUI\src\ofxUISuperCanvas.cpp">
			<Filter>addons\ofxUI\src</Filter>
		</ClCompile>
		<ClCompile Include="..\..\..\addons\ofxUI\src\ofxUITabBar.cpp">
			<Filter>addons\ofxUI\src</Filter>
		</ClCompile>
		<ClCompile Include="..\..\..\addons\ofxUI\src\ofxUITextArea.cpp">
			<Filter>addons\ofxUI\src</Filter>
		</ClCompile>
		<ClCompile Include="..\..\..\addons\ofxUI\src\ofxUITextInput.cpp">
			<Filter>addons\ofxUI\src</Filter>
		</ClCompile>
		<ClCompile Include="..\..\..\addons\ofxUI\src\ofxUIToggle.cpp">
			<Filter>addons\ofxUI\src</Filter>
		</ClCompile>
		<ClCompile Include="..\..\..\addons\ofxUI\src\ofxUIToggleMatrix.cpp">
			<Filter>addons\ofxUI\src</Filter>
		</ClCompile>
		<ClCompile Include="..\..\..\addons\ofxUI\src\ofxUIValuePlotter.cpp">
			<Filter>addons\ofxUI\src</Filter>
		</ClCompile>
		<ClCompile Include="..\..\..\addons\ofxUI\src\ofxUIWaveform.cpp">
			<Filter>addons\ofxUI\src</Filter>
		</ClCompile>
		<ClCompile Include="..\..\..\addons\ofxUI\src\ofxUIWidget.cpp">
			<Filter>addons\ofxUI\src</Filter>
		</ClCompile>
		<ClCompile Include="..\..\..\addons\ofxUI\src\ofxUIWidgetWithLabel.cpp">
			<Filter>addons\ofxUI\src</Filter>
		</ClCompile>
		<ClCompile Include="..\..\..\addons\ofxXmlSettings\src\ofxXmlSettings.cpp">
			<Filter>addons\ofxXmlSettings\src</Filter>
		</ClCompile>
		<ClCompile Include="..\..\..\addons\ofxXmlSettings\libs\tinyxml.cpp">
			<Filter>addons\ofxXmlSettings\libs</Filter>
		</ClCompile>
		<ClCompile Include="..\..\..\addons\ofxXmlSettings\libs\tinyxmlerror.cpp">
			<Filter>addons\ofxXmlSettings\libs</Filter>
		</ClCompile>
		<ClCompile Include="..\..\..\addons\ofxXmlSettings\libs\tinyxmlparser.cpp">
			<Filter>addons\ofxXmlSettings\libs</Filter>
		</ClCompile>
	</ItemGroup>
	<ItemGroup>
		<Filter Include="src">
			<UniqueIdentifier>{d8376475-7454-4a24-b08a-aac121d3ad6f}</UniqueIdentifier>
		</Filter>
		<Filter Include="addons">
			<UniqueIdentifier>{71834F65-F3A9-211E-73B8-DC85}</UniqueIdentifier>
		</Filter>
		<Filter Include="addons\ofxUI">
			<UniqueIdentifier>{B492C5B0-FF91-9C5A-638A-3142}</UniqueIdentifier>
		</Filter>
		<Filter Include="addons\ofxUI\src">
			<UniqueIdentifier>{A00C2D23-6C11-BC86-3993-2CF0}</UniqueIdentifier>
		</Filter>
		<Filter Include="addons\ofxXmlSettings">
			<UniqueIdentifier>{877F005D-13E6-0592-1D97-F2E3}</UniqueIdentifier>
		</Filter>
		<Filter Include="addons\ofxXmlSettings\src">
			<UniqueIdentifier>{CCB2AC63-49D2-977C-CFE8-AEAD}</UniqueIdentifier>
		</Filter>
		<Filter Include="addons\ofxXmlSettings\libs">
			<UniqueIdentifier>{687714A8-1662-FA1C-261F-50F0}</UniqueIdentifier>
		</Filter>
	</ItemGroup>
	<ItemGroup>
		<ClInclude Include="src\ofApp.h">
			<Filter>src</Filter>
		</ClInclude>
		<ClInclude Include="..\..\..\addons\ofxUI\src\ofxUI.h">
			<Filter>addons\ofxUI\src</Filter>
		</ClInclude>
		<ClInclude Include="..\..\..\addons\ofxUI\src\ofxUI2DGraph.h">
			<Filter>addons\ofxUI\src</Filter>
		</ClInclude>
		<ClInclude Include="..\..\..\addons\ofxUI\src\ofxUI2DPad.h">
			<Filter>addons\ofxUI\src</Filter>
		</ClInclude>
		<ClInclude Include="..\..\..\addons\ofxUI\src\ofxUIBaseDraws.h">
			<Filter>addons\ofxUI\src</Filter>
		</ClInclude>
		<ClInclude Include="..\..\..\addons\ofxUI\src\ofxUIBiLabelSlider.h">
			<Filter>addons\ofxUI\src</Filter>
		</ClInclude>
		<ClInclude Include="..\..\..\addons\ofxUI\src\ofxUIButton.h">
			<Filter>addons\ofxUI\src</Filter>
		</ClInclude>
		<ClInclude Include="..\..\..\addons\ofxUI\src\ofxUICanvas.h">
			<Filter>addons\ofxUI\src</Filter>
		</ClInclude>
		<ClInclude Include="..\..\..\addons\ofxUI\src\ofxUICircleSlider.h">
			<Filter>addons\ofxUI\src</Filter>
		</ClInclude>
		<ClInclude Include="..\..\..\addons\ofxUI\src\ofxUICustomImageButton.h">
			<Filter>addons\ofxUI\src</Filter>
		</ClInclude>
		<ClInclude Include="..\..\..\addons\ofxUI\src\ofxUIDefines.h">
			<Filter>addons\ofxUI\src</Filter>
		</ClInclude>
		<ClInclude Include="..\..\..\addons\ofxUI\src\ofxUIDragableLabelButton.h">
			<Filter>addons\ofxUI\src</Filter>
		</ClInclude>
		<ClInclude Include="..\..\..\addons\ofxUI\src\ofxUIDropDownList.h">
			<Filter>addons\ofxUI\src</Filter>
		</ClInclude>
		<ClInclude Include="..\..\..\addons\ofxUI\src\ofxUIEventArgs.h">
			<Filter>addons\ofxUI\src</Filter>
		</ClInclude>
		<ClInclude Include="..\..\..\addons\ofxUI\src\ofxUIFPS.h">
			<Filter>addons\ofxUI\src</Filter>
		</ClInclude>
		<ClInclude Include="..\..\..\addons\ofxUI\src\ofxUIFPSSlider.h">
			<Filter>addons\ofxUI\src</Filter>
		</ClInclude>
		<ClInclude Include="..\..\..\addons\ofxUI\src\ofxUIImage.h">
			<Filter>addons\ofxUI\src</Filter>
		</ClInclude>
		<ClInclude Include="..\..\..\addons\ofxUI\src\ofxUIImageButton.h">
			<Filter>addons\ofxUI\src</Filter>
		</ClInclude>
		<ClInclude Include="..\..\..\addons\ofxUI\src\ofxUIImageSampler.h">
			<Filter>addons\ofxUI\src</Filter>
		</ClInclude>
		<ClInclude Include="..\..\..\addons\ofxUI\src\ofxUIImageSlider.h">
			<Filter>addons\ofxUI\src</Filter>
		</ClInclude>
		<ClInclude Include="..\..\..\addons\ofxUI\src\ofxUIImageToggle.h">
			<Filter>addons\ofxUI\src</Filter>
		</ClInclude>
		<ClInclude Include="..\..\..\addons\ofxUI\src\ofxUIIntSlider.h">
			<Filter>addons\ofxUI\src</Filter>
		</ClInclude>
		<ClInclude Include="..\..\..\addons\ofxUI\src\ofxUILabel.h">
			<Filter>addons\ofxUI\src</Filter>
		</ClInclude>
		<ClInclude Include="..\..\..\addons\ofxUI\src\ofxUILabelButton.h">
			<Filter>addons\ofxUI\src</Filter>
		</ClInclude>
		<ClInclude Include="..\..\..\addons\ofxUI\src\ofxUILabelToggle.h">
			<Filter>addons\ofxUI\src</Filter>
		</ClInclude>
		<ClInclude Include="..\..\..\addons\ofxUI\src\ofxUIMinimalSlider.h">
			<Filter>addons\ofxUI\src</Filter>
		</ClInclude>
		<ClInclude Include="..\..\..\addons\ofxUI\src\ofxUIMovingGraph.h">
			<Filter>addons\ofxUI\src</Filter>
		</ClInclude>
		<ClInclude Include="..\..\..\addons\ofxUI\src\ofxUIMultiImageButton.h">
			<Filter>addons\ofxUI\src</Filter>
		</ClInclude>
		<ClInclude Include="..\..\..\addons\ofxUI\src\ofxUIMultiImageToggle.h">
			<Filter>addons\ofxUI\src</Filter>
		</ClInclude>
		<ClInclude Include="..\..\..\addons\ofxUI\src\ofxUINumberDialer.h">
			<Filter>addons\ofxUI\src</Filter>
		</ClInclude>
		<ClInclude Include="..\..\..\addons\ofxUI\src\ofxUIOFWrapper.h">
			<Filter>addons\ofxUI\src</Filter>
		</ClInclude>
		<ClInclude Include="..\..\..\addons\ofxUI\src\ofxUIRadio.h">
			<Filter>addons\ofxUI\src</Filter>
		</ClInclude>
		<ClInclude Include="..\..\..\addons\ofxUI\src\ofxUIRangeSlider.h">
			<Filter>addons\ofxUI\src</Filter>
		</ClInclude>
		<ClInclude Include="..\..\..\addons\ofxUI\src\ofxUIRectangle.h">
			<Filter>addons\ofxUI\src</Filter>
		</ClInclude>
		<ClInclude Include="..\..\..\addons\ofxUI\src\ofxUIRotarySlider.h">
			<Filter>addons\ofxUI\src</Filter>
		</ClInclude>
		<ClInclude Include="..\..\..\addons\ofxUI\src\ofxUIScrollableCanvas.h">
			<Filter>addons\ofxUI\src</Filter>
		</ClInclude>
		<ClInclude Include="..\..\..\addons\ofxUI\src\ofxUISlider.h">
			<Filter>addons\ofxUI\src</Filter>
		</ClInclude>
		<ClInclude Include="..\..\..\addons\ofxUI\src\ofxUISortableList.h">
			<Filter>addons\ofxUI\src</Filter>
		</ClInclude>
		<ClInclude Include="..\..\..\addons\ofxUI\src\ofxUISpacer.h">
			<Filter>addons\ofxUI\src</Filter>
		</ClInclude>
		<ClInclude Include="..\..\..\addons\ofxUI\src\ofxUISpectrum.h">
			<Filter>addons\ofxUI\src</Filter>
		</ClInclude>
		<ClInclude Include="..\..\..\addons\ofxUI\src\ofxUISuperCanvas.h">
			<Filter>addons\ofxUI\src</Filter>
		</ClInclude>
		<ClInclude Include="..\..\..\addons\ofxUI\src\ofxUITabBar.h">
			<Filter>addons\ofxUI\src</Filter>
		</ClInclude>
		<ClInclude Include="..\..\..\addons\ofxUI\src\ofxUITextArea.h">
			<Filter>addons\ofxUI\src</Filter>
		</ClInclude>
		<ClInclude Include="..\..\..\addons\ofxUI\src\ofxUITextInput.h">
			<Filter>addons\ofxUI\src</Filter>
		</ClInclude>
		<ClInclude Include="..\..\..\addons\ofxUI\src\ofxUIToggle.h">
			<Filter>addons\ofxUI\src</Filter>
		</ClInclude>
		<ClInclude Include="..\..\..\addons\ofxUI\src\ofxUIToggleMatrix.h">
			<Filter>addons\ofxUI\src</Filter>
		</ClInclude>
		<ClInclude Include="..\..\..\addons\ofxUI\src\ofxUIUtils.h">
			<Filter>addons\ofxUI\src</Filter>
		</ClInclude>
		<ClInclude Include="..\..\..\addons\ofxUI\src\ofxUIValuePlotter.h">
			<Filter>addons\ofxUI\src</Filter>
		</ClInclude>
		<ClInclude Include="..\..\..\addons\ofxUI\src\ofxUIWaveform.h">
			<Filter>addons\ofxUI\src</Filter>
		</ClInclude>
		<ClInclude Include="..\..\..\addons\ofxUI\src\ofxUIWidget.h">
			<Filter>addons\ofxUI\src</Filter>
		</ClInclude>
		<ClInclude Include="..\..\..\addons\ofxUI\src\ofxUIWidgetWithLabel.h">
			<Filter>addons\ofxUI\src</Filter>
		</ClInclude>
		<ClInclude Include="..\..\..\addons\ofxUI\src\ofxUIWrapper.h">
			<Filter>addons\ofxUI\src</Filter>
		</ClInclude>
		<ClInclude Include="..\..\..\addons\ofxXmlSettings\src\ofxXmlSettings.h">
			<Filter>addons\ofxXmlSettings\src</Filter>
		</ClInclude>
		<ClInclude Include="..\..\..\addons\ofxXmlSettings\libs\tinyxml.h">
			<Filter>addons\ofxXmlSettings\libs</Filter>
		</ClInclude>
	</ItemGroup>
	<ItemGroup>
		<ResourceCompile Include="icon.rc" />
	</ItemGroup>
</Project>
